
Microsoft Visual Studio Solution File, Format Version 12.00
# Visual Studio 15
VisualStudioVersion = 15.0.28010.2041
MinimumVisualStudioVersion = 10.0.40219.1
Project("{FAE04EC0-301F-11D3-BF4B-00C04F79EFBC}") = "Library_and_online_book_store", "Library_and_online_book_store\Library_and_online_book_store.csproj", "{93A0A1B3-088D-4E0A-9E72-BA8B91A8BF06}"
EndProject
Global
	GlobalSection(SolutionConfigurationPlatforms) = preSolution
		Debug|Any CPU = Debug|Any CPU
		Release|Any CPU = Release|Any CPU
	EndGlobalSection
	GlobalSection(ProjectConfigurationPlatforms) = postSolution
		{93A0A1B3-088D-4E0A-9E72-BA8B91A8BF06}.Debug|Any CPU.ActiveCfg = Debug|Any CPU
		{93A0A1B3-088D-4E0A-9E72-BA8B91A8BF06}.Debug|Any CPU.Build.0 = Debug|Any CPU
		{93A0A1B3-088D-4E0A-9E72-BA8B91A8BF06}.Release|Any CPU.ActiveCfg = Release|Any CPU
		{93A0A1B3-088D-4E0A-9E72-BA8B91A8BF06}.Release|Any CPU.Build.0 = Release|Any CPU
	EndGlobalSection
	GlobalSection(SolutionProperties) = preSolution
		HideSolutionNode = FALSE
	EndGlobalSection
	GlobalSection(ExtensibilityGlobals) = postSolution
		SolutionGuid = {81B4AC4C-207B-491A-A0C0-7073920F255D}
	EndGlobalSection
EndGlobal
